[root]
name = "foxbox"
version = "0.1.0"
dependencies = [
 "chrono 0.2.22 (registry+https://github.com/rust-lang/crates.io-index)",
 "clippy 0.0.65 (registry+https://github.com/rust-lang/crates.io-index)",
 "docopt 0.6.80 (registry+https://github.com/rust-lang/crates.io-index)",
 "docopt_macros 0.6.84 (registry+https://github.com/rust-lang/crates.io-index)",
 "env_logger 0.3.3 (registry+https://github.com/rust-lang/crates.io-index)",
 "foxbox_taxonomy 0.1.2",
 "foxbox_thinkerbell 0.1.2",
 "foxbox_users 0.1.0 (git+https://github.com/fxbox/users.git?rev=d4e5277)",
 "get_if_addrs 0.3.1 (registry+https://github.com/rust-lang/crates.io-index)",
 "hyper 0.8.1 (registry+https://github.com/rust-lang/crates.io-index)",
 "iron 0.3.0 (registry+https://github.com/rust-lang/crates.io-index)",
 "iron-cors 0.1.0 (git+https://github.com/fxbox/iron-cors.git?rev=f397cd2)",
 "iron-test 0.3.0 (registry+https://github.com/rust-lang/crates.io-index)",
 "libc 0.2.11 (registry+https://github.com/rust-lang/crates.io-index)",
 "log 0.3.6 (registry+https://github.com/rust-lang/crates.io-index)",
 "mio 0.5.0 (git+https://github.com/carllerche/mio.git)",
 "mount 0.1.0 (registry+https://github.com/rust-lang/crates.io-index)",
 "multicast_dns 0.1.0 (git+https://github.com/fxbox/multicast-dns.git?rev=a6e4bcc)",
 "nix 0.5.1-pre (git+https://github.com/nix-rust/nix.git?rev=138080)",
 "openssl 0.7.11 (registry+https://github.com/rust-lang/crates.io-index)",
 "openssl-sys 0.7.11 (registry+https://github.com/rust-lang/crates.io-index)",
 "openzwave-adapter 0.1.0",
 "pkg-config 0.3.8 (registry+https://github.com/rust-lang/crates.io-index)",
 "rand 0.3.14 (registry+https://github.com/rust-lang/crates.io-index)",
 "regex 0.1.69 (registry+https://github.com/rust-lang/crates.io-index)",
 "router 0.1.1 (registry+https://github.com/rust-lang/crates.io-index)",
 "rusqlite 0.6.0 (registry+https://github.com/rust-lang/crates.io-index)",
 "rust-crypto 0.2.35 (registry+https://github.com/rust-lang/crates.io-index)",
 "rustc-serialize 0.3.19 (registry+https://github.com/rust-lang/crates.io-index)",
 "serde 0.7.4 (registry+https://github.com/rust-lang/crates.io-index)",
 "serde_json 0.7.0 (registry+https://github.com/rust-lang/crates.io-index)",
 "serde_macros 0.7.4 (registry+https://github.com/rust-lang/crates.io-index)",
 "stainless 0.1.4 (registry+https://github.com/rust-lang/crates.io-index)",
 "staticfile 0.2.0 (registry+https://github.com/rust-lang/crates.io-index)",
 "tempdir 0.3.4 (registry+https://github.com/rust-lang/crates.io-index)",
 "time 0.1.35 (registry+https://github.com/rust-lang/crates.io-index)",
 "timer 0.1.6 (registry+https://github.com/rust-lang/crates.io-index)",
 "tls 0.1.0",
 "transformable_channels 0.1.1 (registry+https://github.com/rust-lang/crates.io-index)",
 "unicase 1.4.0 (registry+https://github.com/rust-lang/crates.io-index)",
 "url 0.5.9 (registry+https://github.com/rust-lang/crates.io-index)",
 "uuid 0.1.18 (registry+https://github.com/rust-lang/crates.io-index)",
 "ws 0.4.6 (git+https://github.com/JohanLorenzo/ws-rs.git?branch=0.4.6)",
 "xml-rs 0.3.2 (registry+https://github.com/rust-lang/crates.io-index)",
]

[[package]]
name = "aho-corasick"
version = "0.5.2"
source = "registry+https://github.com/rust-lang/crates.io-index"
dependencies = [
 "memchr 0.1.11 (registry+https://github.com/rust-lang/crates.io-index)",
]

[[package]]
name = "aster"
version = "0.16.0"
source = "registry+https://github.com/rust-lang/crates.io-index"

[[package]]
name = "bitflags"
version = "0.1.1"
source = "registry+https://github.com/rust-lang/crates.io-index"

[[package]]
name = "bitflags"
version = "0.3.3"
source = "registry+https://github.com/rust-lang/crates.io-index"

[[package]]
name = "bitflags"
version = "0.4.0"
source = "registry+https://github.com/rust-lang/crates.io-index"

[[package]]
name = "bitflags"
version = "0.6.0"
source = "registry+https://github.com/rust-lang/crates.io-index"

[[package]]
name = "bodyparser"
version = "0.3.0"
source = "registry+https://github.com/rust-lang/crates.io-index"
dependencies = [
 "iron 0.3.0 (registry+https://github.com/rust-lang/crates.io-index)",
 "persistent 0.1.0 (registry+https://github.com/rust-lang/crates.io-index)",
 "plugin 0.2.6 (registry+https://github.com/rust-lang/crates.io-index)",
 "serde 0.7.4 (registry+https://github.com/rust-lang/crates.io-index)",
 "serde_json 0.7.0 (registry+https://github.com/rust-lang/crates.io-index)",
]

[[package]]
name = "byteorder"
version = "0.5.1"
source = "registry+https://github.com/rust-lang/crates.io-index"

[[package]]
name = "bytes"
version = "0.3.0"
source = "registry+https://github.com/rust-lang/crates.io-index"

[[package]]
name = "c_linked_list"
version = "0.1.0"
source = "registry+https://github.com/rust-lang/crates.io-index"

[[package]]
name = "cfg-if"
version = "0.1.0"
source = "registry+https://github.com/rust-lang/crates.io-index"

[[package]]
name = "chrono"
version = "0.2.22"
source = "registry+https://github.com/rust-lang/crates.io-index"
dependencies = [
 "num 0.1.32 (registry+https://github.com/rust-lang/crates.io-index)",
 "time 0.1.35 (registry+https://github.com/rust-lang/crates.io-index)",
]

[[package]]
name = "clippy"
version = "0.0.65"
source = "registry+https://github.com/rust-lang/crates.io-index"
dependencies = [
 "quine-mc_cluskey 0.2.2 (registry+https://github.com/rust-lang/crates.io-index)",
 "regex-syntax 0.3.1 (registry+https://github.com/rust-lang/crates.io-index)",
 "semver 0.2.3 (registry+https://github.com/rust-lang/crates.io-index)",
 "toml 0.1.28 (registry+https://github.com/rust-lang/crates.io-index)",
 "unicode-normalization 0.1.2 (registry+https://github.com/rust-lang/crates.io-index)",
]

[[package]]
name = "conduit-mime-types"
version = "0.7.3"
source = "registry+https://github.com/rust-lang/crates.io-index"
dependencies = [
 "rustc-serialize 0.3.19 (registry+https://github.com/rust-lang/crates.io-index)",
]

[[package]]
name = "cookie"
version = "0.2.4"
source = "registry+https://github.com/rust-lang/crates.io-index"
dependencies = [
 "openssl 0.7.11 (registry+https://github.com/rust-lang/crates.io-index)",
 "rustc-serialize 0.3.19 (registry+https://github.com/rust-lang/crates.io-index)",
 "time 0.1.35 (registry+https://github.com/rust-lang/crates.io-index)",
 "url 1.1.0 (registry+https://github.com/rust-lang/crates.io-index)",
]

[[package]]
name = "debug_unreachable"
version = "0.1.1"
source = "registry+https://github.com/rust-lang/crates.io-index"
dependencies = [
 "unreachable 0.1.1 (registry+https://github.com/rust-lang/crates.io-index)",
]

[[package]]
name = "docopt"
version = "0.6.80"
source = "registry+https://github.com/rust-lang/crates.io-index"
dependencies = [
 "regex 0.1.69 (registry+https://github.com/rust-lang/crates.io-index)",
 "rustc-serialize 0.3.19 (registry+https://github.com/rust-lang/crates.io-index)",
 "strsim 0.3.0 (registry+https://github.com/rust-lang/crates.io-index)",
]

[[package]]
name = "docopt_macros"
version = "0.6.84"
source = "registry+https://github.com/rust-lang/crates.io-index"
dependencies = [
 "docopt 0.6.80 (registry+https://github.com/rust-lang/crates.io-index)",
]

[[package]]
name = "env_logger"
version = "0.3.3"
source = "registry+https://github.com/rust-lang/crates.io-index"
dependencies = [
 "log 0.3.6 (registry+https://github.com/rust-lang/crates.io-index)",
 "regex 0.1.69 (registry+https://github.com/rust-lang/crates.io-index)",
]

[[package]]
name = "error"
version = "0.1.9"
source = "registry+https://github.com/rust-lang/crates.io-index"
dependencies = [
 "traitobject 0.0.3 (registry+https://github.com/rust-lang/crates.io-index)",
 "typeable 0.1.2 (registry+https://github.com/rust-lang/crates.io-index)",
]

[[package]]
name = "foxbox_taxonomy"
version = "0.1.2"
dependencies = [
 "chrono 0.2.22 (registry+https://github.com/rust-lang/crates.io-index)",
 "clippy 0.0.65 (registry+https://github.com/rust-lang/crates.io-index)",
 "lazy_static 0.1.16 (registry+https://github.com/rust-lang/crates.io-index)",
 "libc 0.2.11 (registry+https://github.com/rust-lang/crates.io-index)",
 "log 0.3.6 (registry+https://github.com/rust-lang/crates.io-index)",
 "rusqlite 0.6.0 (registry+https://github.com/rust-lang/crates.io-index)",
 "serde 0.7.4 (registry+https://github.com/rust-lang/crates.io-index)",
 "serde_json 0.7.0 (registry+https://github.com/rust-lang/crates.io-index)",
 "serde_macros 0.7.4 (registry+https://github.com/rust-lang/crates.io-index)",
 "string_cache 0.2.14 (registry+https://github.com/rust-lang/crates.io-index)",
 "sublock 0.1.1 (registry+https://github.com/rust-lang/crates.io-index)",
 "transformable_channels 0.1.1 (registry+https://github.com/rust-lang/crates.io-index)",
]

[[package]]
name = "foxbox_thinkerbell"
version = "0.1.2"
dependencies = [
 "chrono 0.2.22 (registry+https://github.com/rust-lang/crates.io-index)",
 "foxbox_taxonomy 0.1.2",
 "log 0.3.6 (registry+https://github.com/rust-lang/crates.io-index)",
 "rusqlite 0.6.0 (registry+https://github.com/rust-lang/crates.io-index)",
 "serde 0.7.4 (registry+https://github.com/rust-lang/crates.io-index)",
 "serde_json 0.7.0 (registry+https://github.com/rust-lang/crates.io-index)",
 "serde_macros 0.7.4 (registry+https://github.com/rust-lang/crates.io-index)",
 "transformable_channels 0.1.1 (registry+https://github.com/rust-lang/crates.io-index)",
]

[[package]]
name = "foxbox_users"
version = "0.1.0"
source = "git+https://github.com/fxbox/users.git?rev=d4e5277#d4e5277725cf132420084f1f47072b7bd1182638"
dependencies = [
 "iron 0.3.0 (registry+https://github.com/rust-lang/crates.io-index)",
 "iron-cors 0.1.0 (git+https://github.com/fxbox/iron-cors.git?rev=f397cd2)",
 "jwt 0.4.0 (registry+https://github.com/rust-lang/crates.io-index)",
 "libc 0.2.11 (registry+https://github.com/rust-lang/crates.io-index)",
 "pwhash 0.1.1 (registry+https://github.com/rust-lang/crates.io-index)",
 "rand 0.3.14 (registry+https://github.com/rust-lang/crates.io-index)",
 "router 0.1.1 (registry+https://github.com/rust-lang/crates.io-index)",
 "rusqlite 0.6.0 (registry+https://github.com/rust-lang/crates.io-index)",
 "rust-crypto 0.2.35 (registry+https://github.com/rust-lang/crates.io-index)",
 "rustc-serialize 0.3.19 (registry+https://github.com/rust-lang/crates.io-index)",
 "unicase 1.4.0 (registry+https://github.com/rust-lang/crates.io-index)",
 "urlencoded 0.3.0 (registry+https://github.com/rust-lang/crates.io-index)",
]

[[package]]
name = "gcc"
version = "0.3.28"
source = "registry+https://github.com/rust-lang/crates.io-index"

[[package]]
name = "gdi32-sys"
version = "0.1.1"
source = "registry+https://github.com/rust-lang/crates.io-index"
dependencies = [
 "winapi 0.2.7 (registry+https://github.com/rust-lang/crates.io-index)",
]

[[package]]
name = "get_if_addrs"
version = "0.3.1"
source = "registry+https://github.com/rust-lang/crates.io-index"
dependencies = [
 "c_linked_list 0.1.0 (registry+https://github.com/rust-lang/crates.io-index)",
 "ip 1.1.1 (registry+https://github.com/rust-lang/crates.io-index)",
 "libc 0.1.12 (registry+https://github.com/rust-lang/crates.io-index)",
]

[[package]]
name = "hpack"
version = "0.2.0"
source = "registry+https://github.com/rust-lang/crates.io-index"
dependencies = [
 "log 0.3.6 (registry+https://github.com/rust-lang/crates.io-index)",
]

[[package]]
name = "httparse"
version = "1.1.2"
source = "registry+https://github.com/rust-lang/crates.io-index"

[[package]]
name = "hyper"
version = "0.8.1"
source = "registry+https://github.com/rust-lang/crates.io-index"
dependencies = [
 "cookie 0.2.4 (registry+https://github.com/rust-lang/crates.io-index)",
 "httparse 1.1.2 (registry+https://github.com/rust-lang/crates.io-index)",
 "language-tags 0.2.2 (registry+https://github.com/rust-lang/crates.io-index)",
 "log 0.3.6 (registry+https://github.com/rust-lang/crates.io-index)",
 "mime 0.2.0 (registry+https://github.com/rust-lang/crates.io-index)",
 "num_cpus 0.2.11 (registry+https://github.com/rust-lang/crates.io-index)",
 "openssl 0.7.11 (registry+https://github.com/rust-lang/crates.io-index)",
 "rustc-serialize 0.3.19 (registry+https://github.com/rust-lang/crates.io-index)",
 "solicit 0.4.4 (registry+https://github.com/rust-lang/crates.io-index)",
 "time 0.1.35 (registry+https://github.com/rust-lang/crates.io-index)",
 "traitobject 0.0.1 (registry+https://github.com/rust-lang/crates.io-index)",
 "typeable 0.1.2 (registry+https://github.com/rust-lang/crates.io-index)",
 "unicase 1.4.0 (registry+https://github.com/rust-lang/crates.io-index)",
 "url 0.5.9 (registry+https://github.com/rust-lang/crates.io-index)",
]

[[package]]
name = "idna"
version = "0.1.0"
source = "registry+https://github.com/rust-lang/crates.io-index"
dependencies = [
 "matches 0.1.2 (registry+https://github.com/rust-lang/crates.io-index)",
 "unicode-bidi 0.2.3 (registry+https://github.com/rust-lang/crates.io-index)",
 "unicode-normalization 0.1.2 (registry+https://github.com/rust-lang/crates.io-index)",
]

[[package]]
name = "ip"
version = "1.1.1"
source = "registry+https://github.com/rust-lang/crates.io-index"

[[package]]
name = "iron"
version = "0.3.0"
dependencies = [
 "conduit-mime-types 0.7.3 (registry+https://github.com/rust-lang/crates.io-index)",
 "error 0.1.9 (registry+https://github.com/rust-lang/crates.io-index)",
 "hyper 0.8.1 (registry+https://github.com/rust-lang/crates.io-index)",
 "lazy_static 0.1.16 (registry+https://github.com/rust-lang/crates.io-index)",
 "log 0.3.6 (registry+https://github.com/rust-lang/crates.io-index)",
 "modifier 0.1.0 (registry+https://github.com/rust-lang/crates.io-index)",
 "num_cpus 0.2.11 (registry+https://github.com/rust-lang/crates.io-index)",
 "plugin 0.2.6 (registry+https://github.com/rust-lang/crates.io-index)",
 "typemap 0.3.3 (registry+https://github.com/rust-lang/crates.io-index)",
 "url 0.5.9 (registry+https://github.com/rust-lang/crates.io-index)",
]

[[package]]
name = "iron"
version = "0.3.0"
source = "registry+https://github.com/rust-lang/crates.io-index"
replace = "iron 0.3.0"

[[package]]
name = "iron-cors"
version = "0.1.0"
source = "git+https://github.com/fxbox/iron-cors.git?rev=f397cd2#f397cd2a975e52e9e42d81c86f59c298714a1dc3"
dependencies = [
 "iron 0.3.0 (registry+https://github.com/rust-lang/crates.io-index)",
 "unicase 1.4.0 (registry+https://github.com/rust-lang/crates.io-index)",
]

[[package]]
name = "iron-test"
version = "0.3.0"
source = "registry+https://github.com/rust-lang/crates.io-index"
dependencies = [
 "hyper 0.8.1 (registry+https://github.com/rust-lang/crates.io-index)",
 "iron 0.3.0 (registry+https://github.com/rust-lang/crates.io-index)",
 "log 0.3.6 (registry+https://github.com/rust-lang/crates.io-index)",
 "url 0.5.9 (registry+https://github.com/rust-lang/crates.io-index)",
 "uuid 0.1.18 (registry+https://github.com/rust-lang/crates.io-index)",
]

[[package]]
name = "itertools"
version = "0.4.13"
source = "registry+https://github.com/rust-lang/crates.io-index"

[[package]]
name = "jwt"
version = "0.4.0"
source = "registry+https://github.com/rust-lang/crates.io-index"
dependencies = [
 "rust-crypto 0.2.35 (registry+https://github.com/rust-lang/crates.io-index)",
 "rustc-serialize 0.3.19 (registry+https://github.com/rust-lang/crates.io-index)",
]

[[package]]
name = "kernel32-sys"
version = "0.2.2"
source = "registry+https://github.com/rust-lang/crates.io-index"
dependencies = [
 "winapi 0.2.7 (registry+https://github.com/rust-lang/crates.io-index)",
 "winapi-build 0.1.1 (registry+https://github.com/rust-lang/crates.io-index)",
]

[[package]]
name = "language-tags"
version = "0.2.2"
source = "registry+https://github.com/rust-lang/crates.io-index"

[[package]]
name = "lazy_static"
version = "0.1.16"
source = "registry+https://github.com/rust-lang/crates.io-index"

[[package]]
name = "lazy_static"
version = "0.2.1"
source = "registry+https://github.com/rust-lang/crates.io-index"

[[package]]
name = "libc"
version = "0.1.12"
source = "registry+https://github.com/rust-lang/crates.io-index"

[[package]]
name = "libc"
version = "0.2.11"
source = "registry+https://github.com/rust-lang/crates.io-index"

[[package]]
name = "libressl-pnacl-sys"
version = "2.1.6"
source = "registry+https://github.com/rust-lang/crates.io-index"
dependencies = [
 "pnacl-build-helper 1.4.10 (registry+https://github.com/rust-lang/crates.io-index)",
]

[[package]]
name = "libsqlite3-sys"
version = "0.4.0"
source = "registry+https://github.com/rust-lang/crates.io-index"
dependencies = [
 "libc 0.2.11 (registry+https://github.com/rust-lang/crates.io-index)",
 "pkg-config 0.3.8 (registry+https://github.com/rust-lang/crates.io-index)",
]

[[package]]
name = "log"
version = "0.3.6"
source = "registry+https://github.com/rust-lang/crates.io-index"

[[package]]
name = "matches"
version = "0.1.2"
source = "registry+https://github.com/rust-lang/crates.io-index"

[[package]]
name = "memchr"
version = "0.1.11"
source = "registry+https://github.com/rust-lang/crates.io-index"
dependencies = [
 "libc 0.2.11 (registry+https://github.com/rust-lang/crates.io-index)",
]

[[package]]
name = "mime"
version = "0.2.0"
source = "registry+https://github.com/rust-lang/crates.io-index"
dependencies = [
 "log 0.3.6 (registry+https://github.com/rust-lang/crates.io-index)",
]

[[package]]
name = "mio"
version = "0.5.0"
source = "git+https://github.com/carllerche/mio.git#7d4778f226e3f2479e802ccb0934e1e8db3b31a1"
dependencies = [
 "bytes 0.3.0 (registry+https://github.com/rust-lang/crates.io-index)",
 "libc 0.2.11 (registry+https://github.com/rust-lang/crates.io-index)",
 "log 0.3.6 (registry+https://github.com/rust-lang/crates.io-index)",
 "miow 0.1.2 (registry+https://github.com/rust-lang/crates.io-index)",
 "net2 0.2.23 (registry+https://github.com/rust-lang/crates.io-index)",
 "nix 0.5.0-pre (git+https://github.com/carllerche/nix-rust?rev=c4257f8a76)",
 "slab 0.1.3 (registry+https://github.com/rust-lang/crates.io-index)",
 "time 0.1.35 (registry+https://github.com/rust-lang/crates.io-index)",
 "winapi 0.2.7 (registry+https://github.com/rust-lang/crates.io-index)",
]

[[package]]
name = "miow"
version = "0.1.2"
source = "registry+https://github.com/rust-lang/crates.io-index"
dependencies = [
 "kernel32-sys 0.2.2 (registry+https://github.com/rust-lang/crates.io-index)",
 "net2 0.2.23 (registry+https://github.com/rust-lang/crates.io-index)",
 "winapi 0.2.7 (registry+https://github.com/rust-lang/crates.io-index)",
 "ws2_32-sys 0.2.1 (registry+https://github.com/rust-lang/crates.io-index)",
]

[[package]]
name = "mktemp"
version = "0.1.2"
source = "registry+https://github.com/rust-lang/crates.io-index"
dependencies = [
 "uuid 0.1.18 (registry+https://github.com/rust-lang/crates.io-index)",
]

[[package]]
name = "modifier"
version = "0.1.0"
source = "registry+https://github.com/rust-lang/crates.io-index"

[[package]]
name = "mount"
version = "0.1.0"
source = "registry+https://github.com/rust-lang/crates.io-index"
dependencies = [
 "iron 0.3.0 (registry+https://github.com/rust-lang/crates.io-index)",
 "sequence_trie 0.0.13 (registry+https://github.com/rust-lang/crates.io-index)",
]

[[package]]
name = "multicast_dns"
version = "0.1.0"
source = "git+https://github.com/fxbox/multicast-dns.git?rev=a6e4bcc#a6e4bcc5ecbab86d1b23552e8b925f534f739e39"
dependencies = [
 "libc 0.2.11 (registry+https://github.com/rust-lang/crates.io-index)",
 "log 0.3.6 (registry+https://github.com/rust-lang/crates.io-index)",
]

[[package]]
name = "net2"
version = "0.2.23"
source = "registry+https://github.com/rust-lang/crates.io-index"
dependencies = [
 "cfg-if 0.1.0 (registry+https://github.com/rust-lang/crates.io-index)",
 "kernel32-sys 0.2.2 (registry+https://github.com/rust-lang/crates.io-index)",
 "libc 0.2.11 (registry+https://github.com/rust-lang/crates.io-index)",
 "winapi 0.2.7 (registry+https://github.com/rust-lang/crates.io-index)",
 "ws2_32-sys 0.2.1 (registry+https://github.com/rust-lang/crates.io-index)",
]

[[package]]
name = "nix"
version = "0.5.0-pre"
source = "git+https://github.com/carllerche/nix-rust?rev=c4257f8a76#c4257f8a76b69b0d2e9a001d83e4bef67c03b23f"
dependencies = [
 "bitflags 0.3.3 (registry+https://github.com/rust-lang/crates.io-index)",
 "libc 0.2.11 (registry+https://github.com/rust-lang/crates.io-index)",
]

[[package]]
name = "nix"
version = "0.5.1-pre"
source = "git+https://github.com/nix-rust/nix.git?rev=138080#1380807f6965f019dd63d61fad6570fc70eadf66"
dependencies = [
 "bitflags 0.4.0 (registry+https://github.com/rust-lang/crates.io-index)",
 "cfg-if 0.1.0 (registry+https://github.com/rust-lang/crates.io-index)",
 "libc 0.2.11 (registry+https://github.com/rust-lang/crates.io-index)",
]

[[package]]
name = "nom"
version = "1.2.3"
source = "registry+https://github.com/rust-lang/crates.io-index"

[[package]]
name = "num"
version = "0.1.32"
source = "registry+https://github.com/rust-lang/crates.io-index"
dependencies = [
 "num-integer 0.1.32 (registry+https://github.com/rust-lang/crates.io-index)",
 "num-iter 0.1.32 (registry+https://github.com/rust-lang/crates.io-index)",
 "num-traits 0.1.32 (registry+https://github.com/rust-lang/crates.io-index)",
]

[[package]]
name = "num-integer"
version = "0.1.32"
source = "registry+https://github.com/rust-lang/crates.io-index"
dependencies = [
 "num-traits 0.1.32 (registry+https://github.com/rust-lang/crates.io-index)",
]

[[package]]
name = "num-iter"
version = "0.1.32"
source = "registry+https://github.com/rust-lang/crates.io-index"
dependencies = [
 "num-integer 0.1.32 (registry+https://github.com/rust-lang/crates.io-index)",
 "num-traits 0.1.32 (registry+https://github.com/rust-lang/crates.io-index)",
]

[[package]]
name = "num-traits"
version = "0.1.32"
source = "registry+https://github.com/rust-lang/crates.io-index"

[[package]]
name = "num_cpus"
version = "0.2.11"
source = "registry+https://github.com/rust-lang/crates.io-index"
dependencies = [
 "libc 0.2.11 (registry+https://github.com/rust-lang/crates.io-index)",
]

[[package]]
name = "openssl"
version = "0.7.11"
source = "registry+https://github.com/rust-lang/crates.io-index"
dependencies = [
 "bitflags 0.6.0 (registry+https://github.com/rust-lang/crates.io-index)",
 "gcc 0.3.28 (registry+https://github.com/rust-lang/crates.io-index)",
 "lazy_static 0.2.1 (registry+https://github.com/rust-lang/crates.io-index)",
 "libc 0.2.11 (registry+https://github.com/rust-lang/crates.io-index)",
 "openssl-sys 0.7.11 (registry+https://github.com/rust-lang/crates.io-index)",
 "openssl-sys-extras 0.7.11 (registry+https://github.com/rust-lang/crates.io-index)",
]

[[package]]
name = "openssl-sys"
version = "0.7.11"
source = "registry+https://github.com/rust-lang/crates.io-index"
dependencies = [
 "gdi32-sys 0.1.1 (registry+https://github.com/rust-lang/crates.io-index)",
 "libc 0.2.11 (registry+https://github.com/rust-lang/crates.io-index)",
 "libressl-pnacl-sys 2.1.6 (registry+https://github.com/rust-lang/crates.io-index)",
 "pkg-config 0.3.8 (registry+https://github.com/rust-lang/crates.io-index)",
 "user32-sys 0.1.2 (registry+https://github.com/rust-lang/crates.io-index)",
]

[[package]]
name = "openssl-sys-extras"
version = "0.7.11"
source = "registry+https://github.com/rust-lang/crates.io-index"
dependencies = [
 "gcc 0.3.28 (registry+https://github.com/rust-lang/crates.io-index)",
 "libc 0.2.11 (registry+https://github.com/rust-lang/crates.io-index)",
 "openssl-sys 0.7.11 (registry+https://github.com/rust-lang/crates.io-index)",
]

[[package]]
name = "openzwave"
version = "0.1.0"
source = "git+https://github.com/fxbox/openzwave-rust#e6f9b1d6f19e5cfe115d1adc0affaa797196ba52"
dependencies = [
 "itertools 0.4.13 (registry+https://github.com/rust-lang/crates.io-index)",
 "libc 0.2.11 (registry+https://github.com/rust-lang/crates.io-index)",
 "openzwave-sys 0.1.0 (git+https://github.com/fxbox/openzwave-rust)",
]

[[package]]
name = "openzwave-adapter"
version = "0.1.0"
dependencies = [
 "foxbox_taxonomy 0.1.2",
 "log 0.3.6 (registry+https://github.com/rust-lang/crates.io-index)",
 "openzwave-stateful 0.1.0 (git+https://github.com/fxbox/openzwave-stateful-rust)",
 "transformable_channels 0.1.1 (registry+https://github.com/rust-lang/crates.io-index)",
]

[[package]]
name = "openzwave-stateful"
version = "0.1.0"
source = "git+https://github.com/fxbox/openzwave-stateful-rust#a0df2cbe100f6505ffb0a4e75e41bb067ea907e5"
dependencies = [
 "openzwave 0.1.0 (git+https://github.com/fxbox/openzwave-rust)",
]

[[package]]
name = "openzwave-sys"
version = "0.1.0"
source = "git+https://github.com/fxbox/openzwave-rust#e6f9b1d6f19e5cfe115d1adc0affaa797196ba52"
dependencies = [
 "gcc 0.3.28 (registry+https://github.com/rust-lang/crates.io-index)",
 "libc 0.2.11 (registry+https://github.com/rust-lang/crates.io-index)",
]

[[package]]
name = "persistent"
version = "0.1.0"
source = "registry+https://github.com/rust-lang/crates.io-index"
dependencies = [
 "iron 0.3.0 (registry+https://github.com/rust-lang/crates.io-index)",
 "plugin 0.2.6 (registry+https://github.com/rust-lang/crates.io-index)",
]

[[package]]
name = "phf_generator"
version = "0.7.14"
source = "registry+https://github.com/rust-lang/crates.io-index"
dependencies = [
 "phf_shared 0.7.14 (registry+https://github.com/rust-lang/crates.io-index)",
 "rand 0.3.14 (registry+https://github.com/rust-lang/crates.io-index)",
]

[[package]]
name = "phf_shared"
version = "0.7.14"
source = "registry+https://github.com/rust-lang/crates.io-index"

[[package]]
name = "pkg-config"
version = "0.3.8"
source = "registry+https://github.com/rust-lang/crates.io-index"

[[package]]
name = "plugin"
version = "0.2.6"
source = "registry+https://github.com/rust-lang/crates.io-index"
dependencies = [
 "typemap 0.3.3 (registry+https://github.com/rust-lang/crates.io-index)",
]

[[package]]
name = "pnacl-build-helper"
version = "1.4.10"
source = "registry+https://github.com/rust-lang/crates.io-index"
dependencies = [
 "tempdir 0.3.4 (registry+https://github.com/rust-lang/crates.io-index)",
]

[[package]]
name = "pwhash"
version = "0.1.1"
source = "registry+https://github.com/rust-lang/crates.io-index"
dependencies = [
 "rand 0.3.14 (registry+https://github.com/rust-lang/crates.io-index)",
 "rust-crypto 0.2.35 (registry+https://github.com/rust-lang/crates.io-index)",
]

[[package]]
name = "quasi"
version = "0.10.0"
source = "registry+https://github.com/rust-lang/crates.io-index"

[[package]]
name = "quasi_codegen"
version = "0.10.0"
source = "registry+https://github.com/rust-lang/crates.io-index"
dependencies = [
 "aster 0.16.0 (registry+https://github.com/rust-lang/crates.io-index)",
]

[[package]]
name = "quasi_macros"
version = "0.10.0"
source = "registry+https://github.com/rust-lang/crates.io-index"
dependencies = [
 "quasi_codegen 0.10.0 (registry+https://github.com/rust-lang/crates.io-index)",
]

[[package]]
name = "quine-mc_cluskey"
version = "0.2.2"
source = "registry+https://github.com/rust-lang/crates.io-index"

[[package]]
name = "rand"
version = "0.3.14"
source = "registry+https://github.com/rust-lang/crates.io-index"
dependencies = [
 "libc 0.2.11 (registry+https://github.com/rust-lang/crates.io-index)",
]

[[package]]
name = "regex"
version = "0.1.69"
source = "registry+https://github.com/rust-lang/crates.io-index"
dependencies = [
 "aho-corasick 0.5.2 (registry+https://github.com/rust-lang/crates.io-index)",
 "memchr 0.1.11 (registry+https://github.com/rust-lang/crates.io-index)",
 "regex-syntax 0.3.1 (registry+https://github.com/rust-lang/crates.io-index)",
 "thread_local 0.2.5 (registry+https://github.com/rust-lang/crates.io-index)",
 "utf8-ranges 0.1.3 (registry+https://github.com/rust-lang/crates.io-index)",
]

[[package]]
name = "regex-syntax"
version = "0.3.1"
source = "registry+https://github.com/rust-lang/crates.io-index"

[[package]]
name = "route-recognizer"
version = "0.1.11"
source = "registry+https://github.com/rust-lang/crates.io-index"

[[package]]
name = "router"
version = "0.1.1"
source = "registry+https://github.com/rust-lang/crates.io-index"
dependencies = [
 "iron 0.3.0 (registry+https://github.com/rust-lang/crates.io-index)",
 "route-recognizer 0.1.11 (registry+https://github.com/rust-lang/crates.io-index)",
]

[[package]]
name = "rusqlite"
version = "0.6.0"
source = "registry+https://github.com/rust-lang/crates.io-index"
dependencies = [
 "bitflags 0.1.1 (registry+https://github.com/rust-lang/crates.io-index)",
 "libc 0.2.11 (registry+https://github.com/rust-lang/crates.io-index)",
 "libsqlite3-sys 0.4.0 (registry+https://github.com/rust-lang/crates.io-index)",
 "time 0.1.35 (registry+https://github.com/rust-lang/crates.io-index)",
]

[[package]]
name = "rust-crypto"
version = "0.2.35"
source = "registry+https://github.com/rust-lang/crates.io-index"
dependencies = [
 "gcc 0.3.28 (registry+https://github.com/rust-lang/crates.io-index)",
 "libc 0.1.12 (registry+https://github.com/rust-lang/crates.io-index)",
 "rand 0.3.14 (registry+https://github.com/rust-lang/crates.io-index)",
 "rustc-serialize 0.3.19 (registry+https://github.com/rust-lang/crates.io-index)",
 "time 0.1.35 (registry+https://github.com/rust-lang/crates.io-index)",
]

[[package]]
name = "rustc-serialize"
version = "0.3.19"
source = "registry+https://github.com/rust-lang/crates.io-index"

[[package]]
name = "rustc_version"
version = "0.1.7"
source = "registry+https://github.com/rust-lang/crates.io-index"
dependencies = [
 "semver 0.1.20 (registry+https://github.com/rust-lang/crates.io-index)",
]

[[package]]
name = "semver"
version = "0.1.20"
source = "registry+https://github.com/rust-lang/crates.io-index"

[[package]]
name = "semver"
version = "0.2.3"
source = "registry+https://github.com/rust-lang/crates.io-index"
dependencies = [
 "nom 1.2.3 (registry+https://github.com/rust-lang/crates.io-index)",
]

[[package]]
name = "sequence_trie"
version = "0.0.13"
source = "registry+https://github.com/rust-lang/crates.io-index"

[[package]]
name = "serde"
version = "0.7.4"
source = "registry+https://github.com/rust-lang/crates.io-index"

[[package]]
name = "serde_codegen"
version = "0.7.4"
source = "registry+https://github.com/rust-lang/crates.io-index"
dependencies = [
 "aster 0.16.0 (registry+https://github.com/rust-lang/crates.io-index)",
 "quasi 0.10.0 (registry+https://github.com/rust-lang/crates.io-index)",
 "quasi_macros 0.10.0 (registry+https://github.com/rust-lang/crates.io-index)",
]

[[package]]
name = "serde_json"
version = "0.7.0"
source = "registry+https://github.com/rust-lang/crates.io-index"
dependencies = [
 "num 0.1.32 (registry+https://github.com/rust-lang/crates.io-index)",
 "serde 0.7.4 (registry+https://github.com/rust-lang/crates.io-index)",
]

[[package]]
name = "serde_macros"
version = "0.7.4"
source = "registry+https://github.com/rust-lang/crates.io-index"
dependencies = [
 "serde_codegen 0.7.4 (registry+https://github.com/rust-lang/crates.io-index)",
]

[[package]]
name = "sha1"
version = "0.1.1"
source = "registry+https://github.com/rust-lang/crates.io-index"
dependencies = [
 "byteorder 0.5.1 (registry+https://github.com/rust-lang/crates.io-index)",
]

[[package]]
name = "slab"
version = "0.1.3"
source = "registry+https://github.com/rust-lang/crates.io-index"

[[package]]
name = "solicit"
version = "0.4.4"
source = "registry+https://github.com/rust-lang/crates.io-index"
dependencies = [
 "hpack 0.2.0 (registry+https://github.com/rust-lang/crates.io-index)",
 "log 0.3.6 (registry+https://github.com/rust-lang/crates.io-index)",
]

[[package]]
name = "stainless"
version = "0.1.4"
source = "registry+https://github.com/rust-lang/crates.io-index"

[[package]]
name = "staticfile"
version = "0.2.0"
source = "registry+https://github.com/rust-lang/crates.io-index"
dependencies = [
 "iron 0.3.0 (registry+https://github.com/rust-lang/crates.io-index)",
 "log 0.3.6 (registry+https://github.com/rust-lang/crates.io-index)",
 "mount 0.1.0 (registry+https://github.com/rust-lang/crates.io-index)",
 "time 0.1.35 (registry+https://github.com/rust-lang/crates.io-index)",
 "url 0.5.9 (registry+https://github.com/rust-lang/crates.io-index)",
]

[[package]]
name = "string_cache"
version = "0.2.14"
source = "registry+https://github.com/rust-lang/crates.io-index"
dependencies = [
 "debug_unreachable 0.1.1 (registry+https://github.com/rust-lang/crates.io-index)",
 "lazy_static 0.2.1 (registry+https://github.com/rust-lang/crates.io-index)",
 "phf_generator 0.7.14 (registry+https://github.com/rust-lang/crates.io-index)",
 "phf_shared 0.7.14 (registry+https://github.com/rust-lang/crates.io-index)",
 "serde 0.7.4 (registry+https://github.com/rust-lang/crates.io-index)",
]

[[package]]
name = "strsim"
version = "0.3.0"
source = "registry+https://github.com/rust-lang/crates.io-index"

[[package]]
name = "sublock"
version = "0.1.1"
source = "registry+https://github.com/rust-lang/crates.io-index"

[[package]]
name = "tempdir"
version = "0.3.4"
source = "registry+https://github.com/rust-lang/crates.io-index"
dependencies = [
 "rand 0.3.14 (registry+https://github.com/rust-lang/crates.io-index)",
]

[[package]]
name = "thread-id"
version = "2.0.0"
source = "registry+https://github.com/rust-lang/crates.io-index"
dependencies = [
 "kernel32-sys 0.2.2 (registry+https://github.com/rust-lang/crates.io-index)",
 "libc 0.2.11 (registry+https://github.com/rust-lang/crates.io-index)",
]

[[package]]
name = "thread_local"
version = "0.2.5"
source = "registry+https://github.com/rust-lang/crates.io-index"
dependencies = [
 "thread-id 2.0.0 (registry+https://github.com/rust-lang/crates.io-index)",
]

[[package]]
name = "time"
version = "0.1.35"
source = "registry+https://github.com/rust-lang/crates.io-index"
dependencies = [
 "kernel32-sys 0.2.2 (registry+https://github.com/rust-lang/crates.io-index)",
 "libc 0.2.11 (registry+https://github.com/rust-lang/crates.io-index)",
 "winapi 0.2.7 (registry+https://github.com/rust-lang/crates.io-index)",
]

[[package]]
name = "timer"
version = "0.1.6"
source = "registry+https://github.com/rust-lang/crates.io-index"
dependencies = [
 "chrono 0.2.22 (registry+https://github.com/rust-lang/crates.io-index)",
]

[[package]]
name = "tls"
version = "0.1.0"
dependencies = [
 "clippy 0.0.65 (registry+https://github.com/rust-lang/crates.io-index)",
 "hyper 0.8.1 (registry+https://github.com/rust-lang/crates.io-index)",
 "iron 0.3.0 (registry+https://github.com/rust-lang/crates.io-index)",
 "log 0.3.6 (registry+https://github.com/rust-lang/crates.io-index)",
 "mktemp 0.1.2 (registry+https://github.com/rust-lang/crates.io-index)",
 "openssl 0.7.11 (registry+https://github.com/rust-lang/crates.io-index)",
 "openssl-sys 0.7.11 (registry+https://github.com/rust-lang/crates.io-index)",
 "serde 0.7.4 (registry+https://github.com/rust-lang/crates.io-index)",
 "serde_json 0.7.0 (registry+https://github.com/rust-lang/crates.io-index)",
 "serde_macros 0.7.4 (registry+https://github.com/rust-lang/crates.io-index)",
]

[[package]]
name = "toml"
version = "0.1.28"
source = "registry+https://github.com/rust-lang/crates.io-index"
dependencies = [
 "rustc-serialize 0.3.19 (registry+https://github.com/rust-lang/crates.io-index)",
]

[[package]]
name = "traitobject"
version = "0.0.1"
source = "registry+https://github.com/rust-lang/crates.io-index"

[[package]]
name = "traitobject"
version = "0.0.3"
source = "registry+https://github.com/rust-lang/crates.io-index"

[[package]]
name = "transformable_channels"
version = "0.1.1"
source = "registry+https://github.com/rust-lang/crates.io-index"

[[package]]
name = "typeable"
version = "0.1.2"
source = "registry+https://github.com/rust-lang/crates.io-index"

[[package]]
name = "typemap"
version = "0.3.3"
source = "registry+https://github.com/rust-lang/crates.io-index"
dependencies = [
 "unsafe-any 0.4.1 (registry+https://github.com/rust-lang/crates.io-index)",
]

[[package]]
name = "unicase"
version = "1.4.0"
source = "registry+https://github.com/rust-lang/crates.io-index"
dependencies = [
 "rustc_version 0.1.7 (registry+https://github.com/rust-lang/crates.io-index)",
]

[[package]]
name = "unicode-bidi"
version = "0.2.3"
source = "registry+https://github.com/rust-lang/crates.io-index"
dependencies = [
 "matches 0.1.2 (registry+https://github.com/rust-lang/crates.io-index)",
]

[[package]]
name = "unicode-normalization"
version = "0.1.2"
source = "registry+https://github.com/rust-lang/crates.io-index"

[[package]]
name = "unreachable"
version = "0.1.1"
source = "registry+https://github.com/rust-lang/crates.io-index"
dependencies = [
 "void 1.0.2 (registry+https://github.com/rust-lang/crates.io-index)",
]

[[package]]
name = "unsafe-any"
version = "0.4.1"
source = "registry+https://github.com/rust-lang/crates.io-index"
dependencies = [
 "traitobject 0.0.3 (registry+https://github.com/rust-lang/crates.io-index)",
]

[[package]]
name = "url"
version = "0.2.38"
source = "registry+https://github.com/rust-lang/crates.io-index"
dependencies = [
 "matches 0.1.2 (registry+https://github.com/rust-lang/crates.io-index)",
 "rustc-serialize 0.3.19 (registry+https://github.com/rust-lang/crates.io-index)",
 "uuid 0.1.18 (registry+https://github.com/rust-lang/crates.io-index)",
]

[[package]]
name = "url"
version = "0.5.9"
source = "registry+https://github.com/rust-lang/crates.io-index"
dependencies = [
 "matches 0.1.2 (registry+https://github.com/rust-lang/crates.io-index)",
 "rustc-serialize 0.3.19 (registry+https://github.com/rust-lang/crates.io-index)",
 "unicode-bidi 0.2.3 (registry+https://github.com/rust-lang/crates.io-index)",
 "unicode-normalization 0.1.2 (registry+https://github.com/rust-lang/crates.io-index)",
 "uuid 0.2.2 (registry+https://github.com/rust-lang/crates.io-index)",
]

[[package]]
name = "url"
version = "1.1.0"
source = "registry+https://github.com/rust-lang/crates.io-index"
dependencies = [
 "idna 0.1.0 (registry+https://github.com/rust-lang/crates.io-index)",
 "matches 0.1.2 (registry+https://github.com/rust-lang/crates.io-index)",
]

[[package]]
name = "urlencoded"
version = "0.3.0"
source = "registry+https://github.com/rust-lang/crates.io-index"
dependencies = [
 "bodyparser 0.3.0 (registry+https://github.com/rust-lang/crates.io-index)",
 "iron 0.3.0 (registry+https://github.com/rust-lang/crates.io-index)",
 "plugin 0.2.6 (registry+https://github.com/rust-lang/crates.io-index)",
 "url 0.2.38 (registry+https://github.com/rust-lang/crates.io-index)",
]

[[package]]
name = "user32-sys"
version = "0.1.2"
source = "registry+https://github.com/rust-lang/crates.io-index"
dependencies = [
 "winapi 0.2.7 (registry+https://github.com/rust-lang/crates.io-index)",
 "winapi-build 0.1.1 (registry+https://github.com/rust-lang/crates.io-index)",
]

[[package]]
name = "utf8-ranges"
version = "0.1.3"
source = "registry+https://github.com/rust-lang/crates.io-index"

[[package]]
name = "uuid"
version = "0.1.18"
source = "registry+https://github.com/rust-lang/crates.io-index"
dependencies = [
 "rand 0.3.14 (registry+https://github.com/rust-lang/crates.io-index)",
 "rustc-serialize 0.3.19 (registry+https://github.com/rust-lang/crates.io-index)",
]

[[package]]
name = "uuid"
version = "0.2.2"
source = "registry+https://github.com/rust-lang/crates.io-index"
dependencies = [
 "rand 0.3.14 (registry+https://github.com/rust-lang/crates.io-index)",
]

[[package]]
name = "void"
version = "1.0.2"
source = "registry+https://github.com/rust-lang/crates.io-index"

[[package]]
name = "winapi"
version = "0.2.7"
source = "registry+https://github.com/rust-lang/crates.io-index"

[[package]]
name = "winapi-build"
version = "0.1.1"
source = "registry+https://github.com/rust-lang/crates.io-index"

[[package]]
name = "ws"
version = "0.4.6"
source = "git+https://github.com/JohanLorenzo/ws-rs.git?branch=0.4.6#8d71ed015148a63bc2805456d819e80dae9ca5e5"
dependencies = [
 "httparse 1.1.2 (registry+https://github.com/rust-lang/crates.io-index)",
 "log 0.3.6 (registry+https://github.com/rust-lang/crates.io-index)",
 "mio 0.5.0 (git+https://github.com/carllerche/mio.git)",
 "rand 0.3.14 (registry+https://github.com/rust-lang/crates.io-index)",
 "sha1 0.1.1 (registry+https://github.com/rust-lang/crates.io-index)",
 "slab 0.1.3 (registry+https://github.com/rust-lang/crates.io-index)",
 "url 0.5.9 (registry+https://github.com/rust-lang/crates.io-index)",
]

[[package]]
name = "ws2_32-sys"
version = "0.2.1"
source = "registry+https://github.com/rust-lang/crates.io-index"
dependencies = [
 "winapi 0.2.7 (registry+https://github.com/rust-lang/crates.io-index)",
 "winapi-build 0.1.1 (registry+https://github.com/rust-lang/crates.io-index)",
]

[[package]]
name = "xml-rs"
version = "0.3.2"
source = "registry+https://github.com/rust-lang/crates.io-index"
dependencies = [
 "bitflags 0.6.0 (registry+https://github.com/rust-lang/crates.io-index)",
]

